
Microsoft Visual Studio Solution File, Format Version 12.00
# Visual Studio Version 17
VisualStudioVersion = 17.5.33516.290
MinimumVisualStudioVersion = 10.0.40219.1
Project("{9A19103F-16F7-4668-BE54-9A1E7A4F7556}") = "TestingTechniques", "TestingTechniques\TestingTechniques.csproj", "{31905C8C-FA34-4827-ACFF-AF08017107EE}"
EndProject
Project("{9A19103F-16F7-4668-BE54-9A1E7A4F7556}") = "TestingTechniques.Tests", "TestingTechniques.Tests\TestingTechniques.Tests.csproj", "{F0331D18-5729-4FA6-AC6B-C8ECA355AD92}"
EndProject
Project("{2150E333-8FDC-42A3-9474-1A3956D46DE8}") = "TestingTechnique", "TestingTechnique", "{661C759E-787D-4F4E-8FA5-4F865880FADF}"
EndProject
Project("{9A19103F-16F7-4668-BE54-9A1E7A4F7556}") = "GradeProgram", "GradeProgram\GradeProgram.csproj", "{B1376B6A-F17A-4FF1-9AA7-B702EA421527}"
EndProject
Project("{2150E333-8FDC-42A3-9474-1A3956D46DE8}") = "GradeProgram", "GradeProgram", "{322DE1D4-4F87-44CE-B55E-D6DA409E36FE}"
EndProject
Project("{9A19103F-16F7-4668-BE54-9A1E7A4F7556}") = "Grade.Test", "Grade.Test\Grade.Test.csproj", "{B9D84CDF-2C64-4DAE-B969-DD608856A425}"
EndProject
Project("{2150E333-8FDC-42A3-9474-1A3956D46DE8}") = "EntityFrameworkApiCore", "EntityFrameworkApiCore", "{9BEE185E-9FE6-497B-A4B5-A0979BA6029E}"
EndProject
Project("{9A19103F-16F7-4668-BE54-9A1E7A4F7556}") = "SampleWebApiCore", "SampleWebApiCoreProgram\SampleWebApiCore\SampleWebApiCore.csproj", "{6D34EAE8-2CC1-4990-81E6-8CAD710ED468}"
EndProject
Project("{9A19103F-16F7-4668-BE54-9A1E7A4F7556}") = "Service", "SampleWebApiCoreProgram\Service\Service.csproj", "{7E478EDC-689C-46E8-A246-0C5373B53BB1}"
EndProject
Project("{9A19103F-16F7-4668-BE54-9A1E7A4F7556}") = "Infrastructure", "SampleWebApiCoreProgram\Infrastructure\Infrastructure.csproj", "{A8303272-4B2F-4941-8DF3-38A76E32779F}"
EndProject
Project("{9A19103F-16F7-4668-BE54-9A1E7A4F7556}") = "Service.Test", "SampleWebApiCoreProgram\Infrastructure.Test\Service.Test.csproj", "{90419996-F1AC-49B6-BE9A-EE44D8E4C76C}"
EndProject
Project("{9A19103F-16F7-4668-BE54-9A1E7A4F7556}") = "Controller.Tests", "SampleWebApiCoreProgram\Controller.Tests\Controller.Tests.csproj", "{54921A3B-1BD8-44FC-ACE8-9603540D90A4}"
EndProject
Project("{9A19103F-16F7-4668-BE54-9A1E7A4F7556}") = "RepositoryTests", "SampleWebApiCoreProgram\RepositoryTests\RepositoryTests.csproj", "{6BB3FE27-2804-41DC-9700-ECEBD725C5F4}"
EndProject
Project("{2150E333-8FDC-42A3-9474-1A3956D46DE8}") = "Tests", "Tests", "{E9328650-3145-44C9-9C05-869E5DEB4850}"
EndProject
Global
	GlobalSection(SolutionConfigurationPlatforms) = preSolution
		Debug|Any CPU = Debug|Any CPU
		Release|Any CPU = Release|Any CPU
	EndGlobalSection
	GlobalSection(ProjectConfigurationPlatforms) = postSolution
		{31905C8C-FA34-4827-ACFF-AF08017107EE}.Debug|Any CPU.ActiveCfg = Debug|Any CPU
		{31905C8C-FA34-4827-ACFF-AF08017107EE}.Debug|Any CPU.Build.0 = Debug|Any CPU
		{31905C8C-FA34-4827-ACFF-AF08017107EE}.Release|Any CPU.ActiveCfg = Release|Any CPU
		{31905C8C-FA34-4827-ACFF-AF08017107EE}.Release|Any CPU.Build.0 = Release|Any CPU
		{F0331D18-5729-4FA6-AC6B-C8ECA355AD92}.Debug|Any CPU.ActiveCfg = Debug|Any CPU
		{F0331D18-5729-4FA6-AC6B-C8ECA355AD92}.Debug|Any CPU.Build.0 = Debug|Any CPU
		{F0331D18-5729-4FA6-AC6B-C8ECA355AD92}.Release|Any CPU.ActiveCfg = Release|Any CPU
		{F0331D18-5729-4FA6-AC6B-C8ECA355AD92}.Release|Any CPU.Build.0 = Release|Any CPU
		{B1376B6A-F17A-4FF1-9AA7-B702EA421527}.Debug|Any CPU.ActiveCfg = Debug|Any CPU
		{B1376B6A-F17A-4FF1-9AA7-B702EA421527}.Debug|Any CPU.Build.0 = Debug|Any CPU
		{B1376B6A-F17A-4FF1-9AA7-B702EA421527}.Release|Any CPU.ActiveCfg = Release|Any CPU
		{B1376B6A-F17A-4FF1-9AA7-B702EA421527}.Release|Any CPU.Build.0 = Release|Any CPU
		{B9D84CDF-2C64-4DAE-B969-DD608856A425}.Debug|Any CPU.ActiveCfg = Debug|Any CPU
		{B9D84CDF-2C64-4DAE-B969-DD608856A425}.Debug|Any CPU.Build.0 = Debug|Any CPU
		{B9D84CDF-2C64-4DAE-B969-DD608856A425}.Release|Any CPU.ActiveCfg = Release|Any CPU
		{B9D84CDF-2C64-4DAE-B969-DD608856A425}.Release|Any CPU.Build.0 = Release|Any CPU
		{6D34EAE8-2CC1-4990-81E6-8CAD710ED468}.Debug|Any CPU.ActiveCfg = Debug|Any CPU
		{6D34EAE8-2CC1-4990-81E6-8CAD710ED468}.Debug|Any CPU.Build.0 = Debug|Any CPU
		{6D34EAE8-2CC1-4990-81E6-8CAD710ED468}.Release|Any CPU.ActiveCfg = Release|Any CPU
		{6D34EAE8-2CC1-4990-81E6-8CAD710ED468}.Release|Any CPU.Build.0 = Release|Any CPU
		{7E478EDC-689C-46E8-A246-0C5373B53BB1}.Debug|Any CPU.ActiveCfg = Debug|Any CPU
		{7E478EDC-689C-46E8-A246-0C5373B53BB1}.Debug|Any CPU.Build.0 = Debug|Any CPU
		{7E478EDC-689C-46E8-A246-0C5373B53BB1}.Release|Any CPU.ActiveCfg = Release|Any CPU
		{7E478EDC-689C-46E8-A246-0C5373B53BB1}.Release|Any CPU.Build.0 = Release|Any CPU
		{A8303272-4B2F-4941-8DF3-38A76E32779F}.Debug|Any CPU.ActiveCfg = Debug|Any CPU
		{A8303272-4B2F-4941-8DF3-38A76E32779F}.Debug|Any CPU.Build.0 = Debug|Any CPU
		{A8303272-4B2F-4941-8DF3-38A76E32779F}.Release|Any CPU.ActiveCfg = Release|Any CPU
		{A8303272-4B2F-4941-8DF3-38A76E32779F}.Release|Any CPU.Build.0 = Release|Any CPU
		{90419996-F1AC-49B6-BE9A-EE44D8E4C76C}.Debug|Any CPU.ActiveCfg = Debug|Any CPU
		{90419996-F1AC-49B6-BE9A-EE44D8E4C76C}.Debug|Any CPU.Build.0 = Debug|Any CPU
		{90419996-F1AC-49B6-BE9A-EE44D8E4C76C}.Release|Any CPU.ActiveCfg = Release|Any CPU
		{90419996-F1AC-49B6-BE9A-EE44D8E4C76C}.Release|Any CPU.Build.0 = Release|Any CPU
		{54921A3B-1BD8-44FC-ACE8-9603540D90A4}.Debug|Any CPU.ActiveCfg = Debug|Any CPU
		{54921A3B-1BD8-44FC-ACE8-9603540D90A4}.Debug|Any CPU.Build.0 = Debug|Any CPU
		{54921A3B-1BD8-44FC-ACE8-9603540D90A4}.Release|Any CPU.ActiveCfg = Release|Any CPU
		{54921A3B-1BD8-44FC-ACE8-9603540D90A4}.Release|Any CPU.Build.0 = Release|Any CPU
		{6BB3FE27-2804-41DC-9700-ECEBD725C5F4}.Debug|Any CPU.ActiveCfg = Debug|Any CPU
		{6BB3FE27-2804-41DC-9700-ECEBD725C5F4}.Debug|Any CPU.Build.0 = Debug|Any CPU
		{6BB3FE27-2804-41DC-9700-ECEBD725C5F4}.Release|Any CPU.ActiveCfg = Release|Any CPU
		{6BB3FE27-2804-41DC-9700-ECEBD725C5F4}.Release|Any CPU.Build.0 = Release|Any CPU
	EndGlobalSection
	GlobalSection(SolutionProperties) = preSolution
		HideSolutionNode = FALSE
	EndGlobalSection
	GlobalSection(NestedProjects) = preSolution
		{31905C8C-FA34-4827-ACFF-AF08017107EE} = {661C759E-787D-4F4E-8FA5-4F865880FADF}
		{F0331D18-5729-4FA6-AC6B-C8ECA355AD92} = {661C759E-787D-4F4E-8FA5-4F865880FADF}
		{B1376B6A-F17A-4FF1-9AA7-B702EA421527} = {322DE1D4-4F87-44CE-B55E-D6DA409E36FE}
		{B9D84CDF-2C64-4DAE-B969-DD608856A425} = {322DE1D4-4F87-44CE-B55E-D6DA409E36FE}
		{6D34EAE8-2CC1-4990-81E6-8CAD710ED468} = {9BEE185E-9FE6-497B-A4B5-A0979BA6029E}
		{7E478EDC-689C-46E8-A246-0C5373B53BB1} = {9BEE185E-9FE6-497B-A4B5-A0979BA6029E}
		{A8303272-4B2F-4941-8DF3-38A76E32779F} = {9BEE185E-9FE6-497B-A4B5-A0979BA6029E}
		{90419996-F1AC-49B6-BE9A-EE44D8E4C76C} = {E9328650-3145-44C9-9C05-869E5DEB4850}
		{54921A3B-1BD8-44FC-ACE8-9603540D90A4} = {E9328650-3145-44C9-9C05-869E5DEB4850}
		{6BB3FE27-2804-41DC-9700-ECEBD725C5F4} = {E9328650-3145-44C9-9C05-869E5DEB4850}
		{E9328650-3145-44C9-9C05-869E5DEB4850} = {9BEE185E-9FE6-497B-A4B5-A0979BA6029E}
	EndGlobalSection
	GlobalSection(ExtensibilityGlobals) = postSolution
		SolutionGuid = {88E215B8-70FE-4B6C-8A8A-7456FC96CC69}
	EndGlobalSection
EndGlobal
